// !$*UTF8*$!
{
	archiveVersion = 1;
	classes = {
	};
	objectVersion = 46;
	objects = {

/* Begin PBXBuildFile section */
		58D29C2B1AC1BE1400F8B575 /* main.m in Sources */ = {isa = PBXBuildFile; fileRef = 58D29C2A1AC1BE1400F8B575 /* main.m */; };
		58D29C321AC1BE2300F8B575 /* AppKit.framework in Frameworks */ = {isa = PBXBuildFile; fileRef = 58D29C311AC1BE2300F8B575 /* AppKit.framework */; };
		58D29C351AC1C19D00F8B575 /* Media.xcassets in Resources */ = {isa = PBXBuildFile; fileRef = 58D29C331AC1BEF800F8B575 /* Media.xcassets */; };
/* End PBXBuildFile section */

/* Begin PBXCopyFilesBuildPhase section */
		58D29C251AC1BE1400F8B575 /* CopyFiles */ = {
			isa = PBXCopyFilesBuildPhase;
			buildActionMask = 2147483647;
			dstPath = /usr/share/man/man1/;
			dstSubfolderSpec = 0;
			files = (
			);
			runOnlyForDeploymentPostprocessing = 1;
		};
/* End PBXCopyFilesBuildPhase section */

/* Begin PBXFileReference section */
		58D29C271AC1BE1400F8B575 /* To4bit */ = {isa = PBXFileReference; explicitFileType = "compiled.mach-o.executable"; includeInIndex = 0; path = To4bit; sourceTree = BUILT_PRODUCTS_DIR; };
		58D29C2A1AC1BE1400F8B575 /* main.m */ = {isa = PBXFileReference; lastKnownFileType = sourcecode.c.objc; path = main.m; sourceTree = "<group>"; };
		58D29C311AC1BE2300F8B575 /* AppKit.framework */ = {isa = PBXFileReference; lastKnownFileType = wrapper.framework; name = AppKit.framework; path = System/Library/Frameworks/AppKit.framework; sourceTree = SDKROOT; };
		58D29C331AC1BEF800F8B575 /* Media.xcassets */ = {isa = PBXFileReference; lastKnownFileType = folder.assetcatalog; path = Media.xcassets; sourceTree = "<group>"; };
/* End PBXFileReference section */

/* Begin PBXFrameworksBuildPhase section */
		58D29C241AC1BE1400F8B575 /* Frameworks */ = {
			isa = PBXFrameworksBuildPhase;
			buildActionMask = 2147483647;
			files = (
				58D29C321AC1BE2300F8B575 /* AppKit.framework in Frameworks */,
			);
			runOnlyForDeploymentPostprocessing = 0;
		};
/* End PBXFrameworksBuildPhase section */

/* Begin PBXGroup section */
		58D29C1E1AC1BE1400F8B575 = {
			isa = PBXGroup;
			children = (
				58D29C311AC1BE2300F8B575 /* AppKit.framework */,
				58D29C291AC1BE1400F8B575 /* To4bit */,
				58D29C281AC1BE1400F8B575 /* Products */,
			);
			sourceTree = "<group>";
		};
		58D29C281AC1BE1400F8B575 /* Products */ = {
			isa = PBXGroup;
			children = (
				58D29C271AC1BE1400F8B575 /* To4bit */,
			);
			name = Products;
			sourceTree = "<group>";
		};
		58D29C291AC1BE1400F8B575 /* To4bit */ = {
			isa = PBXGroup;
			children = (
				58D29C2A1AC1BE1400F8B575 /* main.m */,
				58D29C331AC1BEF800F8B575 /* Media.xcassets */,
			);
			path = To4bit;
			sourceTree = "<group>";
		};
/* End PBXGroup section */

/* Begin PBXNativeTarget section */
		58D29C261AC1BE1400F8B575 /* To4bit */ = {
			isa = PBXNativeTarget;
			buildConfigurationList = 58D29C2E1AC1BE1400F8B575 /* Build configuration list for PBXNativeTarget "To4bit" */;
			buildPhases = (
				58D29C231AC1BE1400F8B575 /* Sources */,
				58D29C241AC1BE1400F8B575 /* Frameworks */,
				58D29C251AC1BE1400F8B575 /* CopyFiles */,
				58D29C341AC1C19A00F8B575 /* Resources */,
			);
			buildRules = (
			);
			dependencies = (
			);
			name = To4bit;
			productName = To4bit;
			productReference = 58D29C271AC1BE1400F8B575 /* To4bit */;
			productType = "com.apple.product-type.tool";
		};
/* End PBXNativeTarget section */

/* Begin PBXProject section */
		58D29C1F1AC1BE1400F8B575 /* Project object */ = {
			isa = PBXProject;
			attributes = {
				LastUpgradeCheck = 0620;
				ORGANIZATIONNAME = None;
				TargetAttributes = {
					58D29C261AC1BE1400F8B575 = {
						CreatedOnToolsVersion = 6.2;
					};
				};
			};
			buildConfigurationList = 58D29C221AC1BE1400F8B575 /* Build configuration list for PBXProject "To4bit" */;
			compatibilityVersion = "Xcode 3.2";
			developmentRegion = English;
			hasScannedForEncodings = 0;
			knownRegions = (
				en,
			);
			mainGroup = 58D29C1E1AC1BE1400F8B575;
			productRefGroup = 58D29C281AC1BE1400F8B575 /* Products */;
			projectDirPath = "";
			projectRoot = "";
			targets = (
				58D29C261AC1BE1400F8B575 /* To4bit */,
			);
		};
/* End PBXProject section */

/* Begin PBXResourcesBuildPhase section */
		58D29C341AC1C19A00F8B575 /* Resources */ = {
			isa = PBXResourcesBuildPhase;
			buildActionMask = 2147483647;
			files = (
				58D29C351AC1C19D00F8B575 /* Media.xcassets in Resources */,
			);
			runOnlyForDeploymentPostprocessing = 0;
		};
/* End PBXResourcesBuildPhase section */

/* Begin PBXSourcesBuildPhase section */
		58D29C231AC1BE1400F8B575 /* Sources */ = {
			isa = PBXSourcesBuildPhase;
			buildActionMask = 2147483647;
			files = (
				58D29C2B1AC1BE1400F8B575 /* main.m in Sources */,
			);
			runOnlyForDeploymentPostprocessing = 0;
		};
/* End PBXSourcesBuildPhase section */

/* Begin XCBuildConfiguration section */
		58D29C2C1AC1BE1400F8B575 /* Debug */ = {
			isa = XCBuildConfiguration;
			buildSettings = {
				ALWAYS_SEARCH_USER_PATHS = NO;
				CLANG_CXX_LANGUAGE_STANDARD = "gnu++0x";
				CLANG_CXX_LIBRARY = "libc++";
				CLANG_ENABLE_MODULES = YES;
				CLANG_ENABLE_OBJC_ARC = YES;
				CLANG_WARN_BOOL_CONVERSION = YES;
				CLANG_WARN_CONSTANT_CONVERSION = YES;
				CLANG_WARN_DIRECT_OBJC_ISA_USAGE = YES_ERROR;
				CLANG_WARN_EMPTY_BODY = YES;
				CLANG_WARN_ENUM_CONVERSION = YES;
				CLANG_WARN_INT_CONVERSION = YES;
				CLANG_WARN_OBJC_ROOT_CLASS = YES_ERROR;
				CLANG_WARN_UNREACHABLE_CODE = YES;
				CLANG_WARN__DUPLICATE_METHOD_MATCH = YES;
				COPY_PHASE_STRIP = NO;
				ENABLE_STRICT_OBJC_MSGSEND = YES;
				GCC_C_LANGUAGE_STANDARD = gnu99;
				GCC_DYNAMIC_NO_PIC = NO;
				GCC_OPTIMIZATION_LEVEL = 0;
				GCC_PREPROCESSOR_DEFINITIONS = (
					"DEBUG=1",
					"$(inherited)",
				);
				GCC_SYMBOLS_PRIVATE_EXTERN = NO;
				GCC_WARN_64_TO_32_BIT_CONVERSION = YES;
				GCC_WARN_ABOUT_RETURN_TYPE = YES_ERROR;
				GCC_WARN_UNDECLARED_SELECTOR = YES;
				GCC_WARN_UNINITIALIZED_AUTOS = YES_AGGRESSIVE;
				GCC_WARN_UNUSED_FUNCTION = YES;
				GCC_WARN_UNUSED_VARIABLE = YES;
				MACOSX_DEPLOYMENT_TARGET = 10.10;
				MTL_ENABLE_DEBUG_INFO = YES;
				ONLY_ACTIVE_ARCH = YES;
				SDKROOT = macosx;
			};
			name = Debug;
		};
		58D29C2D1AC1BE1400F8B575 /* Release */ = {
			isa = XCBuildConfiguration;
			buildSettings = {
				ALWAYS_SEARCH_USER_PATHS = NO;
				CLANG_CXX_LANGUAGE_STANDARD = "gnu++0x";
				CLANG_CXX_LIBRARY = "libc++";
				CLANG_ENABLE_MODULES = YES;
				CLANG_ENABLE_OBJC_ARC = YES;
				CLANG_WARN_BOOL_CONVERSION = YES;
				CLANG_WARN_CONSTANT_CONVERSION = YES;
				CLANG_WARN_DIRECT_OBJC_ISA_USAGE = YES_ERROR;
				CLANG_WARN_EMPTY_BODY = YES;
				CLANG_WARN_ENUM_CONVERSION = YES;
				CLANG_WARN_INT_CONVERSION = YES;
				CLANG_WARN_OBJC_ROOT_CLASS = YES_ERROR;
				CLANG_WARN_UNREACHABLE_CODE = YES;
				CLANG_WARN__DUPLICATE_METHOD_MATCH = YES;
				COPY_PHASE_STRIP = NO;
				DEBUG_INFORMATION_FORMAT = "dwarf-with-dsym";
				ENABLE_NS_ASSERTIONS = NO;
				ENABLE_STRICT_OBJC_MSGSEND = YES;
				GCC_C_LANGUAGE_STANDARD = gnu99;
				GCC_WARN_64_TO_32_BIT_CONVERSION = YES;
				GCC_WARN_ABOUT_RETURN_TYPE = YES_ERROR;
				GCC_WARN_UNDECLARED_SELECTOR = YES;
				GCC_WARN_UNINITIALIZED_AUTOS = YES_AGGRESSIVE;
				GCC_WARN_UNUSED_FUNCTION = YES;
				GCC_WARN_UNUSED_VARIABLE = YES;
				MACOSX_DEPLOYMENT_TARGET = 10.10;
				MTL_ENABLE_DEBUG_INFO = NO;
				SDKROOT = macosx;
			};
			name = Release;
		};
		58D29C2F1AC1BE1400F8B575 /* Debug */ = {
			isa = XCBuildConfiguration;
			buildSettings = {
				PRODUCT_NAME = "$(TARGET_NAME)";
			};
			name = Debug;
		};
		58D29C301AC1BE1400F8B575 /* Release */ = {
			isa = XCBuildConfiguration;
			buildSettings = {
				PRODUCT_NAME = "$(TARGET_NAME)";
			};
			name = Release;
		};
/* End XCBuildConfiguration section */

/* Begin XCConfigurationList section */
		58D29C221AC1BE1400F8B575 /* Build configuration list for PBXProject "To4bit" */ = {
			isa = XCConfigurationList;
			buildConfigurations = (
				58D29C2C1AC1BE1400F8B575 /* Debug */,
				58D29C2D1AC1BE1400F8B575 /* Release */,
			);
			defaultConfigurationIsVisible = 0;
			defaultConfigurationName = Release;
		};
		58D29C2E1AC1BE1400F8B575 /* Build configuration list for PBXNativeTarget "To4bit" */ = {
			isa = XCConfigurationList;
			buildConfigurations = (
				58D29C2F1AC1BE1400F8B575 /* Debug */,
				58D29C301AC1BE1400F8B575 /* Release */,
			);
			defaultConfigurationIsVisible = 0;
		};
/* End XCConfigurationList section */
	};
	rootObject = 58D29C1F1AC1BE1400F8B575 /* Project object */;
}
